{
  "name": "node-doc-generator",
  "version": "0.0.0",
  "lockfileVersion": 1,
  "requires": true,
  "dependencies": {
    "@types/hast": {
      "version": "2.3.10",
      "resolved": "https://registry.npmjs.org/@types/hast/-/hast-2.3.10.tgz",
      "integrity": "sha512-McWspRw8xx8J9HurkVBfYj0xKoE25tOFlHGdx4MJ5xORQrMGZNqJhVQWaIbm6Oyla5kYOXtDiopzKRJzEOkwJw==",
      "requires": {
        "@types/unist": "^2"
      }
    },
    "@types/mdast": {
      "version": "3.0.15",
      "resolved": "https://registry.npmjs.org/@types/mdast/-/mdast-3.0.15.tgz",
      "integrity": "sha512-LnwD+mUEfxWMa1QpDraczIn6k0Ee3SMicuYSSzS6ZYl2gKS09EClnJYGd8Du6rfc5r/GZEk5o1mRb8TaTj03sQ==",
      "requires": {
        "@types/unist": "^2"
      }
    },
    "@types/mdurl": {
      "version": "1.0.5",
      "resolved": "https://registry.npmjs.org/@types/mdurl/-/mdurl-1.0.5.tgz",
      "integrity": "sha512-6L6VymKTzYSrEf4Nev4Xa1LCHKrlTlYCBMTlQKFuddo1CvQcE52I0mwfOJayueUC7MJuXOeHTcIU683lzd0cUA=="
    },
    "@types/parse5": {
      "version": "6.0.3",
      "resolved": "https://registry.npmjs.org/@types/parse5/-/parse5-6.0.3.tgz",
      "integrity": "sha512-SuT16Q1K51EAVPz1K29DJ/sXjhSQ0zjvsypYJ6tlwVsRV9jwW5Adq2ch8Dq8kDBCkYnELS7N7VNCSB5nC56t/g=="
    },
    "@types/unist": {
      "version": "2.0.11",
      "resolved": "https://registry.npmjs.org/@types/unist/-/unist-2.0.11.tgz",
      "integrity": "sha512-CmBKiL6NNo/OqgmMn95Fk9Whlp2mtvIv+KNpQKN2F4SjvrEesubTRWGYSg+BnWZOnlCaSTU1sMpsBOzgbYhnsA=="
    },
    "@ungap/structured-clone": {
      "version": "1.2.0",
      "resolved": "https://registry.npmjs.org/@ungap/structured-clone/-/structured-clone-1.2.0.tgz",
      "integrity": "sha512-zuVdFrMJiuCDQUMCzQaD6KL28MjnqqN8XnAqiEq9PNm/hCPTSGfrXCOfwj1ow4LFb/tNymJPwsNbVePc1xFqrQ=="
    },
    "argparse": {
      "version": "1.0.10",
      "resolved": "https://registry.npmjs.org/argparse/-/argparse-1.0.10.tgz",
      "integrity": "sha512-o5Roy6tNG4SL/FOkCAN6RzjiakZS25RLYFrcMttJqbdd8BWrnA+fGz57iN5Pb06pvBGvl5gQ0B48dJlslXvoTg==",
      "dev": true,
      "requires": {
        "sprintf-js": "~1.0.2"
      }
    },
    "bail": {
      "version": "2.0.2",
      "resolved": "https://registry.npmjs.org/bail/-/bail-2.0.2.tgz",
      "integrity": "sha512-0xO6mYd7JB2YesxDKplafRpsiOzPt9V02ddPCLbY1xYGPOX24NTyN50qnUxgCPcSoYMhKpAuBTjQoRZCAkUDRw=="
    },
    "boolbase": {
      "version": "1.0.0",
      "resolved": "https://registry.npmjs.org/boolbase/-/boolbase-1.0.0.tgz",
      "integrity": "sha1-aN/1++YMUes3cl6p4+0xDcwed24="
    },
    "ccount": {
      "version": "2.0.1",
      "resolved": "https://registry.npmjs.org/ccount/-/ccount-2.0.1.tgz",
      "integrity": "sha512-eyrF0jiFpY+3drT6383f1qhkbGsLSifNAjA61IUjZjmLCWjItY6LB9ft9YhoDgwfmclB2zhu51Lc7+95b8NRAg=="
    },
    "character-entities": {
      "version": "1.2.2",
      "resolved": "https://registry.npmjs.org/character-entities/-/character-entities-1.2.2.tgz",
      "integrity": "sha512-sMoHX6/nBiy3KKfC78dnEalnpn0Az0oSNvqUWYTtYrhRI5iUIYsROU48G+E+kMFQzqXaJ8kHJZ85n7y6/PHgwQ=="
    },
    "character-entities-html4": {
      "version": "2.1.0",
      "resolved": "https://registry.npmjs.org/character-entities-html4/-/character-entities-html4-2.1.0.tgz",
      "integrity": "sha512-1v7fgQRj6hnSwFpq1Eu0ynr/CDEw0rXo2B61qXrLNdHZmPKgb7fqS1a2JwF0rISo9q77jDI8VMEHoApn8qDoZA=="
    },
    "character-entities-legacy": {
      "version": "1.1.2",
      "resolved": "https://registry.npmjs.org/character-entities-legacy/-/character-entities-legacy-1.1.2.tgz",
      "integrity": "sha512-9NB2VbXtXYWdXzqrvAHykE/f0QJxzaKIpZ5QzNZrrgQ7Iyxr2vnfS8fCBNVW9nUEZE0lo57nxKRqnzY/dKrwlA=="
    },
    "character-reference-invalid": {
      "version": "1.1.2",
      "resolved": "https://registry.npmjs.org/character-reference-invalid/-/character-reference-invalid-1.1.2.tgz",
      "integrity": "sha512-7I/xceXfKyUJmSAn/jw8ve/9DyOP7XxufNYLI9Px7CmsKgEUaZLUTax6nZxGQtaoiZCjpu6cHPj20xC/vqRReQ=="
    },
    "collapse-white-space": {
      "version": "1.0.4",
      "resolved": "https://registry.npmjs.org/collapse-white-space/-/collapse-white-space-1.0.4.tgz",
      "integrity": "sha512-YfQ1tAUZm561vpYD+5eyWN8+UsceQbSrqqlc/6zDY2gtAE+uZLSdkkovhnGpmCThsvKBFakq4EdY/FF93E8XIw=="
    },
    "comma-separated-tokens": {
      "version": "2.0.3",
      "resolved": "https://registry.npmjs.org/comma-separated-tokens/-/comma-separated-tokens-2.0.3.tgz",
      "integrity": "sha512-Fu4hJdvzeylCfQPp9SGWidpzrMs7tTrlu6Vb8XGaRGck8QSNZJJp538Wrb60Lax4fPwR64ViY468OIUTbRlGZg=="
    },
    "css-selector-parser": {
      "version": "1.3.0",
      "resolved": "https://registry.npmjs.org/css-selector-parser/-/css-selector-parser-1.3.0.tgz",
      "integrity": "sha1-XxrUPi2O77/cME/NOaUhZklD4+s="
    },
    "debug": {
      "version": "2.6.9",
      "resolved": "https://registry.npmjs.org/debug/-/debug-2.6.9.tgz",
      "integrity": "sha512-bC7ElrdJaJnPbAP+1EotYvqZsb3ecl5wi6Bfi6BJTUcNowp6cvspg0jXznRTKDjm/E7AdgFBVeAPVMNcKGsHMA==",
      "requires": {
        "ms": "2.0.0"
      }
    },
    "dequal": {
      "version": "2.0.3",
      "resolved": "https://registry.npmjs.org/dequal/-/dequal-2.0.3.tgz",
      "integrity": "sha512-0je+qPKHEMohvfRTCEo3CrPG6cAzAYgmzKyxRiYSSDkS6eGJdyVJm7WaYA5ECaAD9wLB2T4EEeymA5aFVcYXCA=="
    },
    "detab": {
      "version": "2.0.1",
      "resolved": "https://registry.npmjs.org/detab/-/detab-2.0.1.tgz",
      "integrity": "sha512-/hhdqdQc5thGrqzjyO/pz76lDZ5GSuAs6goxOaKTsvPk7HNnzAyFN5lyHgqpX4/s1i66K8qMGj+VhA9504x7DQ==",
      "requires": {
        "repeat-string": "^1.5.4"
      }
    },
    "devlop": {
      "version": "1.1.0",
      "resolved": "https://registry.npmjs.org/devlop/-/devlop-1.1.0.tgz",
      "integrity": "sha512-RWmIqhcFf1lRYBvNmr7qTNuyCt/7/ns2jbpp1+PalgE/rDQcBT0fioSMUpJ93irlUhC5hrg4cYqe6U+0ImW0rA==",
      "requires": {
        "dequal": "^2.0.0"
      }
    },
    "esprima": {
      "version": "4.0.0",
      "resolved": "https://registry.npmjs.org/esprima/-/esprima-4.0.0.tgz",
      "integrity": "sha512-oftTcaMu/EGrEIu904mWteKIv8vMuOgGYo7EhVJJN00R/EED9DCua/xxHRdYnKtcECzVg7xOWhflvJMnqcFZjw==",
      "dev": true
    },
    "extend": {
      "version": "3.0.2",
      "resolved": "https://registry.npmjs.org/extend/-/extend-3.0.2.tgz",
      "integrity": "sha512-fjquC59cD7CyW6urNXK0FBufkZcoiGG80wTuPujX590cB5Ttln20E2UB4S/WARVqhXffZl2LNgS+gQdPIIim/g=="
    },
    "hast-util-from-parse5": {
      "version": "7.1.2",
      "resolved": "https://registry.npmjs.org/hast-util-from-parse5/-/hast-util-from-parse5-7.1.2.tgz",
      "integrity": "sha512-Nz7FfPBuljzsN3tCQ4kCBKqdNhQE2l0Tn+X1ubgKBPRoiDIu1mL08Cfw4k7q71+Duyaw7DXDN+VTAp4Vh3oCOw==",
      "requires": {
        "@types/hast": "^2.0.0",
        "@types/unist": "^2.0.0",
        "hastscript": "^7.0.0",
        "property-information": "^6.0.0",
        "vfile": "^5.0.0",
        "vfile-location": "^4.0.0",
        "web-namespaces": "^2.0.0"
      },
      "dependencies": {
        "unist-util-stringify-position": {
          "version": "3.0.3",
          "resolved": "https://registry.npmjs.org/unist-util-stringify-position/-/unist-util-stringify-position-3.0.3.tgz",
          "integrity": "sha512-k5GzIBZ/QatR8N5X2y+drfpWG8IDBzdnVj6OInRNWm1oXrzydiaAT2OQiA8DPRRZyAKb9b6I2a6PxYklZD0gKg==",
          "requires": {
            "@types/unist": "^2.0.0"
          }
        },
        "vfile": {
          "version": "5.3.7",
          "resolved": "https://registry.npmjs.org/vfile/-/vfile-5.3.7.tgz",
          "integrity": "sha512-r7qlzkgErKjobAmyNIkkSpizsFPYiUPuJb5pNW1RB4JcYVZhs4lIbVqk8XPk033CV/1z8ss5pkax8SuhGpcG8g==",
          "requires": {
            "@types/unist": "^2.0.0",
            "is-buffer": "^2.0.0",
            "unist-util-stringify-position": "^3.0.0",
            "vfile-message": "^3.0.0"
          }
        },
        "vfile-location": {
          "version": "4.1.0",
          "resolved": "https://registry.npmjs.org/vfile-location/-/vfile-location-4.1.0.tgz",
          "integrity": "sha512-YF23YMyASIIJXpktBa4vIGLJ5Gs88UB/XePgqPmTa7cDA+JeO3yclbpheQYCHjVHBn/yePzrXuygIL+xbvRYHw==",
          "requires": {
            "@types/unist": "^2.0.0",
            "vfile": "^5.0.0"
          }
        },
        "vfile-message": {
          "version": "3.1.4",
          "resolved": "https://registry.npmjs.org/vfile-message/-/vfile-message-3.1.4.tgz",
          "integrity": "sha512-fa0Z6P8HUrQN4BZaX05SIVXic+7kE3b05PWAtPuYP9QLHsLKYR7/AlLW3NtOrpXRLeawpDLMsVkmk5DG0NXgWw==",
          "requires": {
            "@types/unist": "^2.0.0",
            "unist-util-stringify-position": "^3.0.0"
          }
        }
      }
    },
    "hast-util-parse-selector": {
      "version": "3.1.1",
      "resolved": "https://registry.npmjs.org/hast-util-parse-selector/-/hast-util-parse-selector-3.1.1.tgz",
      "integrity": "sha512-jdlwBjEexy1oGz0aJ2f4GKMaVKkA9jwjr4MjAAI22E5fM/TXVZHuS5OpONtdeIkRKqAaryQ2E9xNQxijoThSZA==",
      "requires": {
        "@types/hast": "^2.0.0"
      }
    },
    "hast-util-raw": {
      "version": "7.2.3",
      "resolved": "https://registry.npmjs.org/hast-util-raw/-/hast-util-raw-7.2.3.tgz",
      "integrity": "sha512-RujVQfVsOrxzPOPSzZFiwofMArbQke6DJjnFfceiEbFh7S05CbPt0cYN+A5YeD3pso0JQk6O1aHBnx9+Pm2uqg==",
      "requires": {
        "@types/hast": "^2.0.0",
        "@types/parse5": "^6.0.0",
        "hast-util-from-parse5": "^7.0.0",
        "hast-util-to-parse5": "^7.0.0",
        "html-void-elements": "^2.0.0",
        "parse5": "^6.0.0",
        "unist-util-position": "^4.0.0",
        "unist-util-visit": "^4.0.0",
        "vfile": "^5.0.0",
        "web-namespaces": "^2.0.0",
        "zwitch": "^2.0.0"
      },
      "dependencies": {
        "unist-util-is": {
          "version": "5.2.1",
          "resolved": "https://registry.npmjs.org/unist-util-is/-/unist-util-is-5.2.1.tgz",
          "integrity": "sha512-u9njyyfEh43npf1M+yGKDGVPbY/JWEemg5nH05ncKPfi+kBbKBJoTdsogMu33uhytuLlv9y0O7GH7fEdwLdLQw==",
          "requires": {
            "@types/unist": "^2.0.0"
          }
        },
        "unist-util-position": {
          "version": "4.0.4",
          "resolved": "https://registry.npmjs.org/unist-util-position/-/unist-util-position-4.0.4.tgz",
          "integrity": "sha512-kUBE91efOWfIVBo8xzh/uZQ7p9ffYRtUbMRZBNFYwf0RK8koUMx6dGUfwylLOKmaT2cs4wSW96QoYUSXAyEtpg==",
          "requires": {
            "@types/unist": "^2.0.0"
          }
        },
        "unist-util-stringify-position": {
          "version": "3.0.3",
          "resolved": "https://registry.npmjs.org/unist-util-stringify-position/-/unist-util-stringify-position-3.0.3.tgz",
          "integrity": "sha512-k5GzIBZ/QatR8N5X2y+drfpWG8IDBzdnVj6OInRNWm1oXrzydiaAT2OQiA8DPRRZyAKb9b6I2a6PxYklZD0gKg==",
          "requires": {
            "@types/unist": "^2.0.0"
          }
        },
        "unist-util-visit": {
          "version": "4.1.2",
          "resolved": "https://registry.npmjs.org/unist-util-visit/-/unist-util-visit-4.1.2.tgz",
          "integrity": "sha512-MSd8OUGISqHdVvfY9TPhyK2VdUrPgxkUtWSuMHF6XAAFuL4LokseigBnZtPnJMu+FbynTkFNnFlyjxpVKujMRg==",
          "requires": {
            "@types/unist": "^2.0.0",
            "unist-util-is": "^5.0.0",
            "unist-util-visit-parents": "^5.1.1"
          }
        },
        "vfile": {
          "version": "5.3.7",
          "resolved": "https://registry.npmjs.org/vfile/-/vfile-5.3.7.tgz",
          "integrity": "sha512-r7qlzkgErKjobAmyNIkkSpizsFPYiUPuJb5pNW1RB4JcYVZhs4lIbVqk8XPk033CV/1z8ss5pkax8SuhGpcG8g==",
          "requires": {
            "@types/unist": "^2.0.0",
            "is-buffer": "^2.0.0",
            "unist-util-stringify-position": "^3.0.0",
            "vfile-message": "^3.0.0"
          }
        },
        "vfile-message": {
          "version": "3.1.4",
          "resolved": "https://registry.npmjs.org/vfile-message/-/vfile-message-3.1.4.tgz",
          "integrity": "sha512-fa0Z6P8HUrQN4BZaX05SIVXic+7kE3b05PWAtPuYP9QLHsLKYR7/AlLW3NtOrpXRLeawpDLMsVkmk5DG0NXgWw==",
          "requires": {
            "@types/unist": "^2.0.0",
            "unist-util-stringify-position": "^3.0.0"
          }
        }
      }
    },
    "hast-util-sanitize": {
      "version": "4.1.0",
      "resolved": "https://registry.npmjs.org/hast-util-sanitize/-/hast-util-sanitize-4.1.0.tgz",
      "integrity": "sha512-Hd9tU0ltknMGRDv+d6Ro/4XKzBqQnP/EZrpiTbpFYfXv/uOhWeKc+2uajcbEvAEH98VZd7eII2PiXm13RihnLw==",
      "requires": {
        "@types/hast": "^2.0.0"
      }
    },
    "hast-util-to-html": {
      "version": "8.0.4",
      "resolved": "https://registry.npmjs.org/hast-util-to-html/-/hast-util-to-html-8.0.4.tgz",
      "integrity": "sha512-4tpQTUOr9BMjtYyNlt0P50mH7xj0Ks2xpo8M943Vykljf99HW6EzulIoJP1N3eKOSScEHzyzi9dm7/cn0RfGwA==",
      "requires": {
        "@types/hast": "^2.0.0",
        "@types/unist": "^2.0.0",
        "ccount": "^2.0.0",
        "comma-separated-tokens": "^2.0.0",
        "hast-util-raw": "^7.0.0",
        "hast-util-whitespace": "^2.0.0",
        "html-void-elements": "^2.0.0",
        "property-information": "^6.0.0",
        "space-separated-tokens": "^2.0.0",
        "stringify-entities": "^4.0.0",
        "zwitch": "^2.0.4"
      }
    },
    "hast-util-to-parse5": {
      "version": "7.1.0",
      "resolved": "https://registry.npmjs.org/hast-util-to-parse5/-/hast-util-to-parse5-7.1.0.tgz",
      "integrity": "sha512-YNRgAJkH2Jky5ySkIqFXTQiaqcAtJyVE+D5lkN6CdtOqrnkLfGYYrEcKuHOJZlp+MwjSwuD3fZuawI+sic/RBw==",
      "requires": {
        "@types/hast": "^2.0.0",
        "comma-separated-tokens": "^2.0.0",
        "property-information": "^6.0.0",
        "space-separated-tokens": "^2.0.0",
        "web-namespaces": "^2.0.0",
        "zwitch": "^2.0.0"
      }
    },
    "hast-util-whitespace": {
      "version": "2.0.1",
      "resolved": "https://registry.npmjs.org/hast-util-whitespace/-/hast-util-whitespace-2.0.1.tgz",
      "integrity": "sha512-nAxA0v8+vXSBDt3AnRUNjyRIQ0rD+ntpbAp4LnPkumc5M9yUbSMa4XDU9Q6etY4f1Wp4bNgvc1yjiZtsTTrSng=="
    },
    "hastscript": {
      "version": "7.2.0",
      "resolved": "https://registry.npmjs.org/hastscript/-/hastscript-7.2.0.tgz",
      "integrity": "sha512-TtYPq24IldU8iKoJQqvZOuhi5CyCQRAbvDOX0x1eW6rsHSxa/1i2CCiptNTotGHJ3VoHRGmqiv6/D3q113ikkw==",
      "requires": {
        "@types/hast": "^2.0.0",
        "comma-separated-tokens": "^2.0.0",
        "hast-util-parse-selector": "^3.0.0",
        "property-information": "^6.0.0",
        "space-separated-tokens": "^2.0.0"
      }
    },
    "html-void-elements": {
      "version": "2.0.1",
      "resolved": "https://registry.npmjs.org/html-void-elements/-/html-void-elements-2.0.1.tgz",
      "integrity": "sha512-0quDb7s97CfemeJAnW9wC0hw78MtW7NU3hqtCD75g2vFlDLt36llsYD7uB7SUzojLMP24N5IatXf7ylGXiGG9A=="
    },
    "inherits": {
      "version": "2.0.3",
      "resolved": "https://registry.npmjs.org/inherits/-/inherits-2.0.3.tgz",
      "integrity": "sha1-Yzwsg+PaQqUC9SRmAiSA9CCCYd4="
    },
    "is-alphabetical": {
      "version": "1.0.2",
      "resolved": "https://registry.npmjs.org/is-alphabetical/-/is-alphabetical-1.0.2.tgz",
      "integrity": "sha512-V0xN4BYezDHcBSKb1QHUFMlR4as/XEuCZBzMJUU4n7+Cbt33SmUnSol+pnXFvLxSHNq2CemUXNdaXV6Flg7+xg=="
    },
    "is-alphanumerical": {
      "version": "1.0.2",
      "resolved": "https://registry.npmjs.org/is-alphanumerical/-/is-alphanumerical-1.0.2.tgz",
      "integrity": "sha512-pyfU/0kHdISIgslFfZN9nfY1Gk3MquQgUm1mJTjdkEPpkAKNWuBTSqFwewOpR7N351VkErCiyV71zX7mlQQqsg==",
      "requires": {
        "is-alphabetical": "^1.0.0",
        "is-decimal": "^1.0.0"
      }
    },
    "is-buffer": {
      "version": "2.0.3",
      "resolved": "https://registry.npmjs.org/is-buffer/-/is-buffer-2.0.3.tgz",
      "integrity": "sha512-U15Q7MXTuZlrbymiz95PJpZxu8IlipAp4dtS3wOdgPXx3mqBnslrWU14kxfHB+Py/+2PVKSr37dMAgM2A4uArw=="
    },
    "is-decimal": {
      "version": "1.0.2",
      "resolved": "https://registry.npmjs.org/is-decimal/-/is-decimal-1.0.2.tgz",
      "integrity": "sha512-TRzl7mOCchnhchN+f3ICUCzYvL9ul7R+TYOsZ8xia++knyZAJfv/uA1FvQXsAnYIl1T3B2X5E/J7Wb1QXiIBXg=="
    },
    "is-hexadecimal": {
      "version": "1.0.2",
      "resolved": "https://registry.npmjs.org/is-hexadecimal/-/is-hexadecimal-1.0.2.tgz",
      "integrity": "sha512-but/G3sapV3MNyqiDBLrOi4x8uCIw0RY3o/Vb5GT0sMFHrVV7731wFSVy41T5FO1og7G0gXLJh0MkgPRouko/A=="
    },
    "is-plain-obj": {
      "version": "4.1.0",
      "resolved": "https://registry.npmjs.org/is-plain-obj/-/is-plain-obj-4.1.0.tgz",
      "integrity": "sha512-+Pgi+vMuUNkJyExiMBt5IlFoMyKnr5zhJ4Uspz58WOhBF5QoIZkFyNHIbBAtHwzVAgk5RtndVNsDRN61/mmDqg=="
    },
    "is-whitespace-character": {
      "version": "1.0.2",
      "resolved": "https://registry.npmjs.org/is-whitespace-character/-/is-whitespace-character-1.0.2.tgz",
      "integrity": "sha512-SzM+T5GKUCtLhlHFKt2SDAX2RFzfS6joT91F2/WSi9LxgFdsnhfPK/UIA+JhRR2xuyLdrCys2PiFDrtn1fU5hQ=="
    },
    "is-word-character": {
      "version": "1.0.2",
      "resolved": "https://registry.npmjs.org/is-word-character/-/is-word-character-1.0.2.tgz",
      "integrity": "sha512-T3FlsX8rCHAH8e7RE7PfOPZVFQlcV3XRF9eOOBQ1uf70OxO7CjjSOjeImMPCADBdYWcStAbVbYvJ1m2D3tb+EA=="
    },
    "js-yaml": {
      "version": "3.11.0",
      "resolved": "https://registry.npmjs.org/js-yaml/-/js-yaml-3.11.0.tgz",
      "integrity": "sha512-saJstZWv7oNeOyBh3+Dx1qWzhW0+e6/8eDzo7p5rDFqxntSztloLtuKu+Ejhtq82jsilwOIZYsCz+lIjthg1Hw==",
      "dev": true,
      "requires": {
        "argparse": "^1.0.7",
        "esprima": "^4.0.0"
      }
    },
    "lodash.iteratee": {
      "version": "4.7.0",
      "resolved": "https://registry.npmjs.org/lodash.iteratee/-/lodash.iteratee-4.7.0.tgz",
      "integrity": "sha1-vkF32yiajMw8CZDx2ya1si/BVUw="
    },
    "markdown-escapes": {
      "version": "1.0.2",
      "resolved": "https://registry.npmjs.org/markdown-escapes/-/markdown-escapes-1.0.2.tgz",
      "integrity": "sha512-lbRZ2mE3Q9RtLjxZBZ9+IMl68DKIXaVAhwvwn9pmjnPLS0h/6kyBMgNhqi1xFJ/2yv6cSyv0jbiZavZv93JkkA=="
    },
    "mdast-util-definitions": {
      "version": "1.2.2",
      "resolved": "https://registry.npmjs.org/mdast-util-definitions/-/mdast-util-definitions-1.2.2.tgz",
      "integrity": "sha512-9NloPSwaB9f1PKcGqaScfqRf6zKOEjTIXVIbPOmgWI/JKxznlgVXC5C+8qgl3AjYg2vJBRgLYfLICaNiac89iA==",
      "requires": {
        "unist-util-visit": "^1.0.0"
      }
    },
    "mdast-util-to-hast": {
      "version": "3.0.1",
      "resolved": "https://registry.npmjs.org/mdast-util-to-hast/-/mdast-util-to-hast-3.0.1.tgz",
      "integrity": "sha512-+eimV/12kdg0/T0EEfcK7IsDbSu2auVm92z5jdSEQ3DHF2HiU4OHmX9ir5wpQajr73nwabdxrUoxREvW2zVFFw==",
      "requires": {
        "collapse-white-space": "^1.0.0",
        "detab": "^2.0.0",
        "mdast-util-definitions": "^1.2.0",
        "mdurl": "^1.0.1",
        "trim": "0.0.1",
        "trim-lines": "^1.0.0",
        "unist-builder": "^1.0.1",
        "unist-util-generated": "^1.1.0",
        "unist-util-position": "^3.0.0",
        "unist-util-visit": "^1.1.0",
        "xtend": "^4.0.1"
      }
    },
    "mdurl": {
      "version": "1.0.1",
      "resolved": "https://registry.npmjs.org/mdurl/-/mdurl-1.0.1.tgz",
      "integrity": "sha1-/oWy7HWlkDfyrf7BAP1sYBdhFS4="
    },
    "ms": {
      "version": "2.0.0",
      "resolved": "https://registry.npmjs.org/ms/-/ms-2.0.0.tgz",
      "integrity": "sha1-VgiurfwAvmwpAd9fmGF4jeDVl8g="
    },
    "nth-check": {
      "version": "1.0.1",
      "resolved": "https://registry.npmjs.org/nth-check/-/nth-check-1.0.1.tgz",
      "integrity": "sha1-mSms32KPwsQQmN6rgqxYDPFJquQ=",
      "requires": {
        "boolbase": "~1.0.0"
      }
    },
    "object-assign": {
      "version": "4.1.1",
      "resolved": "https://registry.npmjs.org/object-assign/-/object-assign-4.1.1.tgz",
      "integrity": "sha1-IQmtx5ZYh8/AXLvUQsrIv7s2CGM="
    },
    "parse-entities": {
      "version": "1.1.2",
      "resolved": "https://registry.npmjs.org/parse-entities/-/parse-entities-1.1.2.tgz",
      "integrity": "sha512-5N9lmQ7tmxfXf+hO3X6KRG6w7uYO/HL9fHalSySTdyn63C3WNvTM/1R8tn1u1larNcEbo3Slcy2bsVDQqvEpUg==",
      "requires": {
        "character-entities": "^1.0.0",
        "character-entities-legacy": "^1.0.0",
        "character-reference-invalid": "^1.0.0",
        "is-alphanumerical": "^1.0.0",
        "is-decimal": "^1.0.0",
        "is-hexadecimal": "^1.0.0"
      }
    },
    "parse5": {
      "version": "6.0.1",
      "resolved": "https://registry.npmjs.org/parse5/-/parse5-6.0.1.tgz",
      "integrity": "sha512-Ofn/CTFzRGTTxwpNEs9PP93gXShHcTq255nzRYSKe8AkVpZY7e1fpmTfOyoIvjP5HG7Z2ZM7VS9PPhQGW2pOpw=="
    },
    "property-information": {
      "version": "6.5.0",
      "resolved": "https://registry.npmjs.org/property-information/-/property-information-6.5.0.tgz",
      "integrity": "sha512-PgTgs/BlvHxOu8QuEN7wi5A0OmXaBcHpmCSTehcs6Uuu9IkDIEo13Hy7n898RHfrQ49vKCoGeWZSaAK01nwVig=="
    },
    "rehype-raw": {
      "version": "6.0.0",
      "resolved": "https://registry.npmjs.org/rehype-raw/-/rehype-raw-6.0.0.tgz",
      "integrity": "sha512-vzbvI7d3WUJHh+7aaHs0PHlgc+NevOh+buLkEB7I/FD3xskTmhUntnjS57uTW3uQt67xcF3COm9OwLpVsk6jvg==",
      "requires": {
        "@types/hast": "^2.0.0",
        "hast-util-raw": "^7.0.0",
        "unified": "^10.0.0"
      },
      "dependencies": {
        "unified": {
          "version": "10.1.2",
          "resolved": "https://registry.npmjs.org/unified/-/unified-10.1.2.tgz",
          "integrity": "sha512-pUSWAi/RAnVy1Pif2kAoeWNBa3JVrx0MId2LASj8G+7AiHWoKZNTomq6LG326T68U7/e263X6fTdcXIy7XnF7Q==",
          "requires": {
            "@types/unist": "^2.0.0",
            "bail": "^2.0.0",
            "extend": "^3.0.0",
            "is-buffer": "^2.0.0",
            "is-plain-obj": "^4.0.0",
            "trough": "^2.0.0",
            "vfile": "^5.0.0"
          }
        },
        "unist-util-stringify-position": {
          "version": "3.0.3",
          "resolved": "https://registry.npmjs.org/unist-util-stringify-position/-/unist-util-stringify-position-3.0.3.tgz",
          "integrity": "sha512-k5GzIBZ/QatR8N5X2y+drfpWG8IDBzdnVj6OInRNWm1oXrzydiaAT2OQiA8DPRRZyAKb9b6I2a6PxYklZD0gKg==",
          "requires": {
            "@types/unist": "^2.0.0"
          }
        },
        "vfile": {
          "version": "5.3.7",
          "resolved": "https://registry.npmjs.org/vfile/-/vfile-5.3.7.tgz",
          "integrity": "sha512-r7qlzkgErKjobAmyNIkkSpizsFPYiUPuJb5pNW1RB4JcYVZhs4lIbVqk8XPk033CV/1z8ss5pkax8SuhGpcG8g==",
          "requires": {
            "@types/unist": "^2.0.0",
            "is-buffer": "^2.0.0",
            "unist-util-stringify-position": "^3.0.0",
            "vfile-message": "^3.0.0"
          }
        },
        "vfile-message": {
          "version": "3.1.4",
          "resolved": "https://registry.npmjs.org/vfile-message/-/vfile-message-3.1.4.tgz",
          "integrity": "sha512-fa0Z6P8HUrQN4BZaX05SIVXic+7kE3b05PWAtPuYP9QLHsLKYR7/AlLW3NtOrpXRLeawpDLMsVkmk5DG0NXgWw==",
          "requires": {
            "@types/unist": "^2.0.0",
            "unist-util-stringify-position": "^3.0.0"
          }
        }
      }
    },
    "rehype-stringify": {
      "version": "9.0.0",
      "resolved": "https://registry.npmjs.org/rehype-stringify/-/rehype-stringify-9.0.0.tgz",
      "integrity": "sha512-kSO46OlU+iDWQnb4GwqkLbwhQicmv8911E7WihKuj8dnua+kfki7OkciamM8tv8a3iYRYHA4Io30ktCH5cXxIg==",
      "requires": {
        "@types/hast": "^2.0.0",
        "hast-util-to-html": "^8.0.0",
        "unified": "^10.0.0"
      },
      "dependencies": {
        "unified": {
          "version": "10.1.2",
          "resolved": "https://registry.npmjs.org/unified/-/unified-10.1.2.tgz",
          "integrity": "sha512-pUSWAi/RAnVy1Pif2kAoeWNBa3JVrx0MId2LASj8G+7AiHWoKZNTomq6LG326T68U7/e263X6fTdcXIy7XnF7Q==",
          "requires": {
            "@types/unist": "^2.0.0",
            "bail": "^2.0.0",
            "extend": "^3.0.0",
            "is-buffer": "^2.0.0",
            "is-plain-obj": "^4.0.0",
            "trough": "^2.0.0",
            "vfile": "^5.0.0"
          }
        },
        "unist-util-stringify-position": {
          "version": "3.0.3",
          "resolved": "https://registry.npmjs.org/unist-util-stringify-position/-/unist-util-stringify-position-3.0.3.tgz",
          "integrity": "sha512-k5GzIBZ/QatR8N5X2y+drfpWG8IDBzdnVj6OInRNWm1oXrzydiaAT2OQiA8DPRRZyAKb9b6I2a6PxYklZD0gKg==",
          "requires": {
            "@types/unist": "^2.0.0"
          }
        },
        "vfile": {
          "version": "5.3.7",
          "resolved": "https://registry.npmjs.org/vfile/-/vfile-5.3.7.tgz",
          "integrity": "sha512-r7qlzkgErKjobAmyNIkkSpizsFPYiUPuJb5pNW1RB4JcYVZhs4lIbVqk8XPk033CV/1z8ss5pkax8SuhGpcG8g==",
          "requires": {
            "@types/unist": "^2.0.0",
            "is-buffer": "^2.0.0",
            "unist-util-stringify-position": "^3.0.0",
            "vfile-message": "^3.0.0"
          }
        },
        "vfile-message": {
          "version": "3.1.4",
          "resolved": "https://registry.npmjs.org/vfile-message/-/vfile-message-3.1.4.tgz",
          "integrity": "sha512-fa0Z6P8HUrQN4BZaX05SIVXic+7kE3b05PWAtPuYP9QLHsLKYR7/AlLW3NtOrpXRLeawpDLMsVkmk5DG0NXgWw==",
          "requires": {
            "@types/unist": "^2.0.0",
            "unist-util-stringify-position": "^3.0.0"
          }
        }
      }
    },
    "remark-html": {
      "version": "14.0.0",
      "resolved": "https://registry.npmjs.org/remark-html/-/remark-html-14.0.0.tgz",
      "integrity": "sha512-ISQjSlOI3Hb99REjDz0cAhPJVJZDednsj4GNj4Ve7DEZdEXhVPOzBvym0Di+1K3p/RmKXqSw0r02JDmtATh6Dw==",
      "requires": {
        "@types/mdast": "^3.0.0",
        "hast-util-sanitize": "^4.0.0",
        "hast-util-to-html": "^8.0.0",
        "mdast-util-to-hast": "^11.0.0",
        "unified": "^10.0.0"
      },
      "dependencies": {
        "mdast-util-definitions": {
          "version": "5.1.2",
          "resolved": "https://registry.npmjs.org/mdast-util-definitions/-/mdast-util-definitions-5.1.2.tgz",
          "integrity": "sha512-8SVPMuHqlPME/z3gqVwWY4zVXn8lqKv/pAhC57FuJ40ImXyBpmO5ukh98zB2v7Blql2FiHjHv9LVztSIqjY+MA==",
          "requires": {
            "@types/mdast": "^3.0.0",
            "@types/unist": "^2.0.0",
            "unist-util-visit": "^4.0.0"
          }
        },
        "mdast-util-to-hast": {
          "version": "11.3.0",
          "resolved": "https://registry.npmjs.org/mdast-util-to-hast/-/mdast-util-to-hast-11.3.0.tgz",
          "integrity": "sha512-4o3Cli3hXPmm1LhB+6rqhfsIUBjnKFlIUZvudaermXB+4/KONdd/W4saWWkC+LBLbPMqhFSSTSRgafHsT5fVJw==",
          "requires": {
            "@types/hast": "^2.0.0",
            "@types/mdast": "^3.0.0",
            "@types/mdurl": "^1.0.0",
            "mdast-util-definitions": "^5.0.0",
            "mdurl": "^1.0.0",
            "unist-builder": "^3.0.0",
            "unist-util-generated": "^2.0.0",
            "unist-util-position": "^4.0.0",
            "unist-util-visit": "^4.0.0"
          }
        },
        "unified": {
          "version": "10.1.2",
          "resolved": "https://registry.npmjs.org/unified/-/unified-10.1.2.tgz",
          "integrity": "sha512-pUSWAi/RAnVy1Pif2kAoeWNBa3JVrx0MId2LASj8G+7AiHWoKZNTomq6LG326T68U7/e263X6fTdcXIy7XnF7Q==",
          "requires": {
            "@types/unist": "^2.0.0",
            "bail": "^2.0.0",
            "extend": "^3.0.0",
            "is-buffer": "^2.0.0",
            "is-plain-obj": "^4.0.0",
            "trough": "^2.0.0",
            "vfile": "^5.0.0"
          }
        },
        "unist-builder": {
          "version": "3.0.1",
          "resolved": "https://registry.npmjs.org/unist-builder/-/unist-builder-3.0.1.tgz",
          "integrity": "sha512-gnpOw7DIpCA0vpr6NqdPvTWnlPTApCTRzr+38E6hCWx3rz/cjo83SsKIlS1Z+L5ttScQ2AwutNnb8+tAvpb6qQ==",
          "requires": {
            "@types/unist": "^2.0.0"
          }
        },
        "unist-util-generated": {
          "version": "2.0.1",
          "resolved": "https://registry.npmjs.org/unist-util-generated/-/unist-util-generated-2.0.1.tgz",
          "integrity": "sha512-qF72kLmPxAw0oN2fwpWIqbXAVyEqUzDHMsbtPvOudIlUzXYFIeQIuxXQCRCFh22B7cixvU0MG7m3MW8FTq/S+A=="
        },
        "unist-util-is": {
          "version": "5.2.1",
          "resolved": "https://registry.npmjs.org/unist-util-is/-/unist-util-is-5.2.1.tgz",
          "integrity": "sha512-u9njyyfEh43npf1M+yGKDGVPbY/JWEemg5nH05ncKPfi+kBbKBJoTdsogMu33uhytuLlv9y0O7GH7fEdwLdLQw==",
          "requires": {
            "@types/unist": "^2.0.0"
          }
        },
        "unist-util-position": {
          "version": "4.0.4",
          "resolved": "https://registry.npmjs.org/unist-util-position/-/unist-util-position-4.0.4.tgz",
          "integrity": "sha512-kUBE91efOWfIVBo8xzh/uZQ7p9ffYRtUbMRZBNFYwf0RK8koUMx6dGUfwylLOKmaT2cs4wSW96QoYUSXAyEtpg==",
          "requires": {
            "@types/unist": "^2.0.0"
          }
        },
        "unist-util-stringify-position": {
          "version": "3.0.3",
          "resolved": "https://registry.npmjs.org/unist-util-stringify-position/-/unist-util-stringify-position-3.0.3.tgz",
          "integrity": "sha512-k5GzIBZ/QatR8N5X2y+drfpWG8IDBzdnVj6OInRNWm1oXrzydiaAT2OQiA8DPRRZyAKb9b6I2a6PxYklZD0gKg==",
          "requires": {
            "@types/unist": "^2.0.0"
          }
        },
        "unist-util-visit": {
          "version": "4.1.2",
          "resolved": "https://registry.npmjs.org/unist-util-visit/-/unist-util-visit-4.1.2.tgz",
          "integrity": "sha512-MSd8OUGISqHdVvfY9TPhyK2VdUrPgxkUtWSuMHF6XAAFuL4LokseigBnZtPnJMu+FbynTkFNnFlyjxpVKujMRg==",
          "requires": {
            "@types/unist": "^2.0.0",
            "unist-util-is": "^5.0.0",
            "unist-util-visit-parents": "^5.1.1"
          }
        },
        "vfile": {
          "version": "5.3.7",
          "resolved": "https://registry.npmjs.org/vfile/-/vfile-5.3.7.tgz",
          "integrity": "sha512-r7qlzkgErKjobAmyNIkkSpizsFPYiUPuJb5pNW1RB4JcYVZhs4lIbVqk8XPk033CV/1z8ss5pkax8SuhGpcG8g==",
          "requires": {
            "@types/unist": "^2.0.0",
            "is-buffer": "^2.0.0",
            "unist-util-stringify-position": "^3.0.0",
            "vfile-message": "^3.0.0"
          }
        },
        "vfile-message": {
          "version": "3.1.4",
          "resolved": "https://registry.npmjs.org/vfile-message/-/vfile-message-3.1.4.tgz",
          "integrity": "sha512-fa0Z6P8HUrQN4BZaX05SIVXic+7kE3b05PWAtPuYP9QLHsLKYR7/AlLW3NtOrpXRLeawpDLMsVkmk5DG0NXgWw==",
          "requires": {
            "@types/unist": "^2.0.0",
            "unist-util-stringify-position": "^3.0.0"
          }
        }
      }
    },
    "remark-parse": {
      "version": "5.0.0",
      "resolved": "https://registry.npmjs.org/remark-parse/-/remark-parse-5.0.0.tgz",
      "integrity": "sha512-b3iXszZLH1TLoyUzrATcTQUZrwNl1rE70rVdSruJFlDaJ9z5aMkhrG43Pp68OgfHndL/ADz6V69Zow8cTQu+JA==",
      "requires": {
        "collapse-white-space": "^1.0.2",
        "is-alphabetical": "^1.0.0",
        "is-decimal": "^1.0.0",
        "is-whitespace-character": "^1.0.0",
        "is-word-character": "^1.0.0",
        "markdown-escapes": "^1.0.0",
        "parse-entities": "^1.1.0",
        "repeat-string": "^1.5.4",
        "state-toggle": "^1.0.0",
        "trim": "0.0.1",
        "trim-trailing-lines": "^1.0.0",
        "unherit": "^1.0.4",
        "unist-util-remove-position": "^1.0.0",
        "vfile-location": "^2.0.0",
        "xtend": "^4.0.1"
      }
    },
    "remark-rehype": {
      "version": "3.0.0",
      "resolved": "https://registry.npmjs.org/remark-rehype/-/remark-rehype-3.0.0.tgz",
      "integrity": "sha512-WUinfb6vi34f4VYs2XS4HvuYNd0tCu68HOlG4aMp1dfFyVuVfL3aiL9WPw+Q6W99xTTHyxwr7BGO94jF0psoEA==",
      "requires": {
        "mdast-util-to-hast": "^3.0.0"
      }
    },
    "repeat-string": {
      "version": "1.6.1",
      "resolved": "https://registry.npmjs.org/repeat-string/-/repeat-string-1.6.1.tgz",
      "integrity": "sha1-jcrkcOHIirwtYA//Sndihtp15jc="
    },
    "replace-ext": {
      "version": "1.0.0",
      "resolved": "https://registry.npmjs.org/replace-ext/-/replace-ext-1.0.0.tgz",
      "integrity": "sha1-3mMSg3P8v3w8z6TeWkgMRaZ5WOs="
    },
    "space-separated-tokens": {
      "version": "2.0.2",
      "resolved": "https://registry.npmjs.org/space-separated-tokens/-/space-separated-tokens-2.0.2.tgz",
      "integrity": "sha512-PEGlAwrG8yXGXRjW32fGbg66JAlOAwbObuqVoJpv/mRgoWDQfgH1wDPvtzWyUSNAXBGSk8h755YDbbcEy3SH2Q=="
    },
    "sprintf-js": {
      "version": "1.0.3",
      "resolved": "https://registry.npmjs.org/sprintf-js/-/sprintf-js-1.0.3.tgz",
      "integrity": "sha1-BOaSb2YolTVPPdAVIDYzuFcpfiw=",
      "dev": true
    },
    "state-toggle": {
      "version": "1.0.1",
      "resolved": "https://registry.npmjs.org/state-toggle/-/state-toggle-1.0.1.tgz",
      "integrity": "sha512-Qe8QntFrrpWTnHwvwj2FZTgv+PKIsp0B9VxLzLLbSpPXWOgRgc5LVj/aTiSfK1RqIeF9jeC1UeOH8Q8y60A7og=="
    },
    "stringify-entities": {
      "version": "4.0.4",
      "resolved": "https://registry.npmjs.org/stringify-entities/-/stringify-entities-4.0.4.tgz",
      "integrity": "sha512-IwfBptatlO+QCJUo19AqvrPNqlVMpW9YEL2LIVY+Rpv2qsjCGxaDLNRgeGsQWJhfItebuJhsGSLjaBbNSQ+ieg==",
      "requires": {
        "character-entities-html4": "^2.0.0",
        "character-entities-legacy": "^3.0.0"
      },
      "dependencies": {
        "character-entities-legacy": {
          "version": "3.0.0",
          "resolved": "https://registry.npmjs.org/character-entities-legacy/-/character-entities-legacy-3.0.0.tgz",
          "integrity": "sha512-RpPp0asT/6ufRm//AJVwpViZbGM/MkjQFxJccQRHmISF/22NBtsHqAWmL+/pmkPWoIUJdWyeVleTl1wydHATVQ=="
        }
      }
    },
    "to-vfile": {
      "version": "5.0.0",
      "resolved": "https://registry.npmjs.org/to-vfile/-/to-vfile-5.0.0.tgz",
      "integrity": "sha512-sUeBtb4i09pNIzPtl/PMW20Xfe/NK82oV0IehtmoX/+PhIdvc6JHMRnmC4fjCIcy0LOwcNqB8iRMtTBzXHVbng==",
      "requires": {
        "is-buffer": "^2.0.0",
        "vfile": "^3.0.0"
      }
    },
    "trim": {
      "version": "0.0.1",
      "resolved": "https://registry.npmjs.org/trim/-/trim-0.0.1.tgz",
      "integrity": "sha1-WFhUf2spB1fulczMZm+1AITEYN0="
    },
    "trim-lines": {
      "version": "1.1.1",
      "resolved": "https://registry.npmjs.org/trim-lines/-/trim-lines-1.1.1.tgz",
      "integrity": "sha512-X+eloHbgJGxczUk1WSjIvn7aC9oN3jVE3rQfRVKcgpavi3jxtCn0VVKtjOBj64Yop96UYn/ujJRpTbCdAF1vyg=="
    },
    "trim-trailing-lines": {
      "version": "1.1.1",
      "resolved": "https://registry.npmjs.org/trim-trailing-lines/-/trim-trailing-lines-1.1.1.tgz",
      "integrity": "sha512-bWLv9BbWbbd7mlqqs2oQYnLD/U/ZqeJeJwbO0FG2zA1aTq+HTvxfHNKFa/HGCVyJpDiioUYaBhfiT6rgk+l4mg=="
    },
    "trough": {
      "version": "2.2.0",
      "resolved": "https://registry.npmjs.org/trough/-/trough-2.2.0.tgz",
      "integrity": "sha512-tmMpK00BjZiUyVyvrBK7knerNgmgvcV/KLVyuma/SC+TQN167GrMRciANTz09+k3zW8L8t60jWO1GpfkZdjTaw=="
    },
    "unherit": {
      "version": "1.1.1",
      "resolved": "https://registry.npmjs.org/unherit/-/unherit-1.1.1.tgz",
      "integrity": "sha512-+XZuV691Cn4zHsK0vkKYwBEwB74T3IZIcxrgn2E4rKwTfFyI1zCh7X7grwh9Re08fdPlarIdyWgI8aVB3F5A5g==",
      "requires": {
        "inherits": "^2.0.1",
        "xtend": "^4.0.1"
      }
    },
    "unified": {
      "version": "11.0.0",
      "resolved": "https://registry.npmjs.org/unified/-/unified-11.0.0.tgz",
      "integrity": "sha512-65zgPyv0vyXnJpw4fbGmoXjP0/6cBmnnesl4lSPGU2tYuzLWtuicRBFcaV6kgzitGrBHj6pgXYomMw1VQe/cQg==",
      "requires": {
        "@types/unist": "^3.0.0",
        "@ungap/structured-clone": "^1.0.0",
        "bail": "^2.0.0",
        "devlop": "^1.0.0",
        "is-plain-obj": "^4.0.0",
        "trough": "^2.0.0",
        "vfile": "^6.0.0"
      },
      "dependencies": {
        "@types/unist": {
          "version": "3.0.3",
          "resolved": "https://registry.npmjs.org/@types/unist/-/unist-3.0.3.tgz",
          "integrity": "sha512-ko/gIFJRv177XgZsZcBwnqJN5x/Gien8qNOn0D5bQU/zAzVf9Zt3BlcUiLqhV9y4ARk0GbT3tnUiPNgnTXzc/Q=="
        },
        "unist-util-stringify-position": {
          "version": "4.0.0",
          "resolved": "https://registry.npmjs.org/unist-util-stringify-position/-/unist-util-stringify-position-4.0.0.tgz",
          "integrity": "sha512-0ASV06AAoKCDkS2+xw5RXJywruurpbC4JZSm7nr7MOt1ojAzvyyaO+UxZf18j8FCF6kmzCZKcAgN/yu2gm2XgQ==",
          "requires": {
            "@types/unist": "^3.0.0"
          }
        },
        "vfile": {
          "version": "6.0.3",
          "resolved": "https://registry.npmjs.org/vfile/-/vfile-6.0.3.tgz",
          "integrity": "sha512-KzIbH/9tXat2u30jf+smMwFCsno4wHVdNmzFyL+T/L3UGqqk6JKfVqOFOZEpZSHADH1k40ab6NUIXZq422ov3Q==",
          "requires": {
            "@types/unist": "^3.0.0",
            "vfile-message": "^4.0.0"
          }
        },
        "vfile-message": {
          "version": "4.0.2",
          "resolved": "https://registry.npmjs.org/vfile-message/-/vfile-message-4.0.2.tgz",
          "integrity": "sha512-jRDZ1IMLttGj41KcZvlrYAaI3CfqpLpfpf+Mfig13viT6NKvRzWZ+lXz0Y5D60w6uJIBAOGq9mSHf0gktF0duw==",
          "requires": {
            "@types/unist": "^3.0.0",
            "unist-util-stringify-position": "^4.0.0"
          }
        }
      }
    },
    "unist-builder": {
      "version": "1.0.2",
      "resolved": "https://registry.npmjs.org/unist-builder/-/unist-builder-1.0.2.tgz",
      "integrity": "sha1-jDuZA+9kvPsRfdfPal2Y/Bs7J7Y=",
      "requires": {
        "object-assign": "^4.1.0"
      }
    },
    "unist-util-find": {
      "version": "1.0.2",
      "resolved": "https://registry.npmjs.org/unist-util-find/-/unist-util-find-1.0.2.tgz",
      "integrity": "sha512-ft06UDYzqi9o9RmGP0sZWI/zvLLQiBW2/MD+rW6mDqbOWDcmknGX9orQPspfuGRYWr8eSJAmfsBcvOpfGRJseA==",
      "requires": {
        "lodash.iteratee": "^4.5.0",
        "unist-util-visit": "^1.1.0"
      }
    },
    "unist-util-generated": {
      "version": "1.1.2",
      "resolved": "https://registry.npmjs.org/unist-util-generated/-/unist-util-generated-1.1.2.tgz",
      "integrity": "sha512-1HcwiEO62dr0XWGT+abVK4f0aAm8Ik8N08c5nAYVmuSxfvpA9rCcNyX/le8xXj1pJK5nBrGlZefeWB6bN8Pstw=="
    },
    "unist-util-is": {
      "version": "2.1.2",
      "resolved": "https://registry.npmjs.org/unist-util-is/-/unist-util-is-2.1.2.tgz",
      "integrity": "sha512-YkXBK/H9raAmG7KXck+UUpnKiNmUdB+aBGrknfQ4EreE1banuzrKABx3jP6Z5Z3fMSPMQQmeXBlKpCbMwBkxVw=="
    },
    "unist-util-position": {
      "version": "3.0.1",
      "resolved": "https://registry.npmjs.org/unist-util-position/-/unist-util-position-3.0.1.tgz",
      "integrity": "sha512-05QfJDPI7PE1BIUtAxeSV+cDx21xP7+tUZgSval5CA7tr0pHBwybF7OnEa1dOFqg6BfYH/qiMUnWwWj+Frhlww=="
    },
    "unist-util-remove-position": {
      "version": "1.1.2",
      "resolved": "https://registry.npmjs.org/unist-util-remove-position/-/unist-util-remove-position-1.1.2.tgz",
      "integrity": "sha512-XxoNOBvq1WXRKXxgnSYbtCF76TJrRoe5++pD4cCBsssSiWSnPEktyFrFLE8LTk3JW5mt9hB0Sk5zn4x/JeWY7Q==",
      "requires": {
        "unist-util-visit": "^1.1.0"
      }
    },
    "unist-util-select": {
      "version": "1.5.0",
      "resolved": "https://registry.npmjs.org/unist-util-select/-/unist-util-select-1.5.0.tgz",
      "integrity": "sha1-qTwr6MD2U4J4A7gTMa3sKqJM2TM=",
      "requires": {
        "css-selector-parser": "^1.1.0",
        "debug": "^2.2.0",
        "nth-check": "^1.0.1"
      }
    },
    "unist-util-stringify-position": {
      "version": "1.1.2",
      "resolved": "https://registry.npmjs.org/unist-util-stringify-position/-/unist-util-stringify-position-1.1.2.tgz",
      "integrity": "sha512-pNCVrk64LZv1kElr0N1wPiHEUoXNVFERp+mlTg/s9R5Lwg87f9bM/3sQB99w+N9D/qnM9ar3+AKDBwo/gm/iQQ=="
    },
    "unist-util-visit": {
      "version": "1.3.1",
      "resolved": "https://registry.npmjs.org/unist-util-visit/-/unist-util-visit-1.3.1.tgz",
      "integrity": "sha512-0fdB9EQJU0tho5tK0VzOJzAQpPv2LyLZ030b10GxuzAWEfvd54mpY7BMjQ1L69k2YNvL+SvxRzH0yUIehOO8aA==",
      "requires": {
        "unist-util-is": "^2.1.1"
      }
    },
    "unist-util-visit-parents": {
      "version": "5.1.3",
      "resolved": "https://registry.npmjs.org/unist-util-visit-parents/-/unist-util-visit-parents-5.1.3.tgz",
      "integrity": "sha512-x6+y8g7wWMyQhL1iZfhIPhDAs7Xwbn9nRosDXl7qoPTSCy0yNxnKc+hWokFifWQIDGi154rdUqKvbCa4+1kLhg==",
      "requires": {
        "@types/unist": "^2.0.0",
        "unist-util-is": "^5.0.0"
      },
      "dependencies": {
        "unist-util-is": {
          "version": "5.2.1",
          "resolved": "https://registry.npmjs.org/unist-util-is/-/unist-util-is-5.2.1.tgz",
          "integrity": "sha512-u9njyyfEh43npf1M+yGKDGVPbY/JWEemg5nH05ncKPfi+kBbKBJoTdsogMu33uhytuLlv9y0O7GH7fEdwLdLQw==",
          "requires": {
            "@types/unist": "^2.0.0"
          }
        }
      }
    },
    "vfile": {
      "version": "3.0.0",
      "resolved": "https://registry.npmjs.org/vfile/-/vfile-3.0.0.tgz",
      "integrity": "sha512-X2DiPHL9Nxgfyu5DNVgtTkZtD4d4Zzf7rVBVI+uXP2pWWIQG8Ri+xAP9KdH/sB6SS0a1niWp5bRF88n4ciwhoA==",
      "requires": {
        "is-buffer": "^2.0.0",
        "replace-ext": "1.0.0",
        "unist-util-stringify-position": "^1.0.0",
        "vfile-message": "^1.0.0"
      }
    },
    "vfile-location": {
      "version": "2.0.3",
      "resolved": "https://registry.npmjs.org/vfile-location/-/vfile-location-2.0.3.tgz",
      "integrity": "sha512-zM5/l4lfw1CBoPx3Jimxoc5RNDAHHpk6AM6LM0pTIkm5SUSsx8ZekZ0PVdf0WEZ7kjlhSt7ZlqbRL6Cd6dBs6A=="
    },
    "vfile-message": {
      "version": "1.0.1",
      "resolved": "https://registry.npmjs.org/vfile-message/-/vfile-message-1.0.1.tgz",
      "integrity": "sha512-vSGCkhNvJzO6VcWC6AlJW4NtYOVtS+RgCaqFIYUjoGIlHnFL+i0LbtYvonDWOMcB97uTPT4PRsyYY7REWC9vug==",
      "requires": {
        "unist-util-stringify-position": "^1.1.1"
      }
    },
    "web-namespaces": {
      "version": "2.0.1",
      "resolved": "https://registry.npmjs.org/web-namespaces/-/web-namespaces-2.0.1.tgz",
      "integrity": "sha512-bKr1DkiNa2krS7qxNtdrtHAmzuYGFQLiQ13TsorsdT6ULTkPLKuu5+GsFpDlg6JFjUTwX2DyhMPG2be8uPrqsQ=="
    },
    "xtend": {
      "version": "4.0.1",
      "resolved": "https://registry.npmjs.org/xtend/-/xtend-4.0.1.tgz",
      "integrity": "sha1-pcbVMr5lbiPbgg77lDofBJmNY68="
    },
    "zwitch": {
      "version": "2.0.4",
      "resolved": "https://registry.npmjs.org/zwitch/-/zwitch-2.0.4.tgz",
      "integrity": "sha512-bXE4cR/kVZhKZX/RjPEflHaKVhUVl85noU3v6b8apfQEc1x4A+zBxjZ4lN8LqGd6WZ3dl98pY4o717VFmoPp+A=="
    }
  }
}
